# Generated by conda-lock.
# platform: win-64
# input_hash: 266edd185034d749e40556d8d0450264b28fb0d2f00236e843678077a9a2096c

channels:
  - conda-forge
  - nodefaults
dependencies:
  - _openmp_mutex=4.5=20_gnu
  - alabaster=1.0.0=pyhd8ed1ab_1
  - annotated-types=0.7.0=pyhd8ed1ab_1
  - astroid=4.0.4=py314h86ab7b2_0
  - aws-c-auth=0.10.1=h5d51246_2
  - aws-c-cal=0.9.13=h46f3b43_1
  - aws-c-common=0.12.6=hfd05255_0
  - aws-c-compression=0.3.2=hcb3a2da_0
  - aws-c-http=0.10.12=h612f3e8_1
  - aws-c-io=0.26.3=h0d5b9f9_0
  - aws-c-s3=0.11.5=h87bd87b_5
  - aws-c-sdkutils=0.2.4=hcb3a2da_4
  - aws-checksums=0.2.10=hcb3a2da_0
  - babel=2.18.0=pyhcf101f3_1
  - backports.zstd=1.3.0=py314h680f03e_0
  - brotli=1.2.0=h2d644bc_1
  - brotli-bin=1.2.0=hfd05255_1
  - brotli-python=1.2.0=py314he701e3d_1
  - bzip2=1.0.8=h0ad9c76_9
  - ca-certificates=2026.2.25=h4c7d964_0
  - cached-property=1.5.2=hd8ed1ab_1
  - cached_property=1.5.2=pyha770c72_1
  - certifi=2026.2.25=pyhd8ed1ab_0
  - charset-normalizer=3.4.7=pyhd8ed1ab_0
  - colorama=0.4.6=pyhd8ed1ab_1
  - contourpy=1.3.3=py314hf309875_4
  - coverage=7.13.5=py314h2359020_0
  - cycler=0.12.1=pyhcf101f3_2
  - dill=0.4.1=pyhcf101f3_0
  - discretize=0.12.0=np2py314h1495373_1
  - docutils=0.21.2=pyhd8ed1ab_1
  - exceptiongroup=1.3.1=pyhd8ed1ab_0
  - fonttools=4.62.1=pyh7db6752_0
  - freetype=2.14.3=h57928b3_0
  - h2=4.3.0=pyhcf101f3_0
  - h5py=3.16.0=nompi_py314h02517ec_102
  - hdf5=2.1.0=nompi_hd96b29f_104
  - hpack=4.1.0=pyhd8ed1ab_0
  - hyperframe=6.1.0=pyhd8ed1ab_0
  - idna=3.11=pyhd8ed1ab_0
  - imagesize=2.0.0=pyhd8ed1ab_0
  - importlib-metadata=8.8.0=pyhcf101f3_0
  - iniconfig=2.3.0=pyhd8ed1ab_0
  - isort=8.0.1=pyhd8ed1ab_0
  - jinja2=3.1.6=pyhcf101f3_1
  - kiwisolver=1.5.0=py314hf309875_0
  - krb5=1.22.2=h0ea6238_0
  - lcms2=2.18=hf2c6c5f_0
  - lerc=4.1.0=hd936e49_0
  - libaec=1.1.5=haf901d7_0
  - libblas=3.11.0=6_hf2e6a31_mkl
  - libbrotlicommon=1.2.0=hfd05255_1
  - libbrotlidec=1.2.0=hfd05255_1
  - libbrotlienc=1.2.0=hfd05255_1
  - libcblas=3.11.0=6_h2a3cdd5_mkl
  - libcurl=8.19.0=h8206538_0
  - libdeflate=1.25=h51727cc_0
  - libexpat=2.7.5=hac47afa_0
  - libffi=3.5.2=h3d046cb_0
  - libfreetype=2.14.3=h57928b3_0
  - libfreetype6=2.14.3=hdbac1cb_0
  - libgcc=15.2.0=h8ee18e1_18
  - libgomp=15.2.0=h8ee18e1_18
  - libhwloc=2.12.2=default_h4379cf1_1000
  - libiconv=1.18=hc1393d2_2
  - libjpeg-turbo=3.1.4.1=hfd05255_0
  - liblapack=3.11.0=6_hf9ab0e9_mkl
  - liblzma=5.8.3=hfd05255_0
  - libmpdec=4.0.0=hfd05255_1
  - libpng=1.6.58=h7351971_0
  - libsqlite=3.53.0=hf5d6505_0
  - libssh2=1.11.1=h9aa295b_0
  - libtiff=4.7.1=h8f73337_1
  - libwebp-base=1.6.0=h4d5522a_0
  - libwinpthread=12.0.0.r4.gg4f2fc60ca=h57928b3_10
  - libxcb=1.17.0=h0e4246c_0
  - libxml2=2.15.3=hbc0d294_0
  - libxml2-16=2.15.3=h692994f_0
  - libzlib=1.3.2=hfd05255_2
  - llvm-openmp=22.1.3=h4fa8253_0
  - markupsafe=3.0.3=py314h2359020_1
  - matplotlib-base=3.10.8=py314hfa45d96_0
  - mccabe=0.7.0=pyhd8ed1ab_1
  - mkl=2025.3.1=hac47afa_11
  - munkres=1.1.4=pyhd8ed1ab_1
  - numpy=2.4.3=py314h02f10f6_0
  - openjpeg=2.5.4=h0e57b4f_0
  - openssl=3.6.2=hf411b9b_0
  - packaging=26.1=pyhc364b38_0
  - pillow=12.2.0=py314h61b30b5_0
  - pip=26.0.1=pyh145f28c_0
  - platformdirs=4.9.6=pyhcf101f3_0
  - pluggy=1.6.0=pyhf9edf01_1
  - pthread-stubs=0.4=h0e40799_1002
  - pydantic=2.12.5=pyhcf101f3_1
  - pydantic-core=2.41.5=py314h9f07db2_1
  - pygments=2.20.0=pyhd8ed1ab_0
  - pylint=4.0.5=pyhcf101f3_0
  - pyparsing=3.3.2=pyhcf101f3_0
  - pysocks=1.7.1=pyh09c184e_7
  - pytest=9.0.3=pyhc364b38_1
  - pytest-cov=7.1.0=pyhcf101f3_0
  - python=3.14.4=h4b44e0e_100_cp314
  - python-dateutil=2.9.0.post0=pyhe01879c_2
  - python_abi=3.14=8_cp314
  - pyyaml=6.0.3=py314h2359020_1
  - qhull=2020.2=hc790b64_5
  - requests=2.33.1=pyhcf101f3_0
  - roman-numerals=4.1.0=pyhd8ed1ab_0
  - roman-numerals-py=4.1.0=pyhd8ed1ab_0
  - scipy=1.17.1=py314h221f224_0
  - six=1.17.0=pyhe01879c_1
  - snowballstemmer=3.0.1=pyhd8ed1ab_0
  - sphinx=8.2.3=pyhd8ed1ab_0
  - sphinx-autodoc-typehints=3.5.2=pyhd8ed1ab_0
  - sphinx-rtd-theme=3.1.0=hd8ed1ab_0
  - sphinx_rtd_theme=3.1.0=pyha770c72_0
  - sphinxcontrib-applehelp=2.0.0=pyhd8ed1ab_1
  - sphinxcontrib-devhelp=2.0.0=pyhd8ed1ab_1
  - sphinxcontrib-htmlhelp=2.1.0=pyhd8ed1ab_1
  - sphinxcontrib-jquery=4.1=pyhd8ed1ab_1
  - sphinxcontrib-jsmath=1.0.1=pyhd8ed1ab_1
  - sphinxcontrib-qthelp=2.0.0=pyhd8ed1ab_1
  - sphinxcontrib-serializinghtml=1.1.10=pyhd8ed1ab_1
  - tbb=2022.3.0=h3155e25_2
  - tk=8.6.13=h6ed50ae_3
  - tomli=2.4.1=pyhcf101f3_0
  - tomlkit=0.14.0=pyha770c72_0
  - typing-extensions=4.15.0=h396c80c_0
  - typing-inspection=0.4.2=pyhd8ed1ab_1
  - typing_extensions=4.15.0=pyhcf101f3_0
  - tzdata=2025c=hc9c84f9_1
  - ucrt=10.0.26100.0=h57928b3_0
  - unicodedata2=17.0.1=py314h5a2d7ad_0
  - urllib3=2.6.3=pyhd8ed1ab_0
  - vc=14.3=h41ae7f8_34
  - vc14_runtime=14.44.35208=h818238b_34
  - vcomp14=14.44.35208=h818238b_34
  - win_inet_pton=1.1.0=pyh7428d3b_8
  - xorg-libxau=1.0.12=hba3369d_1
  - xorg-libxdmcp=1.1.5=hba3369d_1
  - yaml=0.2.5=h6a83c73_3
  - zipp=3.23.1=pyhcf101f3_0
  - zlib-ng=2.3.3=h0261ad2_1
  - zstd=1.5.7=h534d264_6
  - pip:
    - geoapps-utils @ git+https://github.com/MiraGeoscience/geoapps-utils.git@9baaece0133496c23519ff2708f89e679e900fd0
    - geoh5py @ git+https://github.com/MiraGeoscience/geoh5py.git@6ad559b09341b80c22aac363cbd0087089bd1a8a

variables:
  KMP_WARNINGS: 0
